
Microsoft Visual Studio Solution File, Format Version 12.00
# Visual Studio Version 16
VisualStudioVersion = 16.0.31025.194
MinimumVisualStudioVersion = 10.0.40219.1
Project("{FAE04EC0-301F-11D3-BF4B-00C04F79EFBC}") = "ConsoleApp1", "ConsoleApp1\ConsoleApp1.csproj", "{BB08499A-3E82-4E60-9084-1E199B3B8C55}"
EndProject
Global
	GlobalSection(SolutionConfigurationPlatforms) = preSolution
		Debug|Any CPU = Debug|Any CPU
		Release|Any CPU = Release|Any CPU
	EndGlobalSection
	GlobalSection(ProjectConfigurationPlatforms) = postSolution
		{BB08499A-3E82-4E60-9084-1E199B3B8C55}.Debug|Any CPU.ActiveCfg = Debug|Any CPU
		{BB08499A-3E82-4E60-9084-1E199B3B8C55}.Debug|Any CPU.Build.0 = Debug|Any CPU
		{BB08499A-3E82-4E60-9084-1E199B3B8C55}.Release|Any CPU.ActiveCfg = Release|Any CPU
		{BB08499A-3E82-4E60-9084-1E199B3B8C55}.Release|Any CPU.Build.0 = Release|Any CPU
	EndGlobalSection
	GlobalSection(SolutionProperties) = preSolution
		HideSolutionNode = FALSE
	EndGlobalSection
	GlobalSection(ExtensibilityGlobals) = postSolution
		SolutionGuid = {EECA5016-E0CD-433E-BD0C-473D64164F83}
	EndGlobalSection
EndGlobal
